
Microsoft Visual Studio Solution File, Format Version 12.00
# Visual Studio Version 17
VisualStudioVersion = 17.5.33516.290
MinimumVisualStudioVersion = 10.0.40219.1
Project("{9A19103F-16F7-4668-BE54-9A1E7A4F7556}") = "Senparc.AI.Kernel", "Senparc.AI.Kernel\Senparc.AI.Kernel.csproj", "{8E401865-8613-40F5-ABBC-43B6A05CA5EF}"
EndProject
Project("{2150E333-8FDC-42A3-9474-1A3956D46DE8}") = "Tests", "Tests", "{52CD3E2F-D7FA-458F-A0DF-FF69F3684AA0}"
EndProject
Project("{9A19103F-16F7-4668-BE54-9A1E7A4F7556}") = "Senparc.AI", "Senparc.AI\Senparc.AI.csproj", "{930CC0FA-799C-4FAB-B6CE-FD67045946A9}"
EndProject
Project("{9A19103F-16F7-4668-BE54-9A1E7A4F7556}") = "Senparc.AI.Tests", "Senparc.AI.Tests\Senparc.AI.Tests.csproj", "{3619964D-0AA7-4594-9779-930809D000B1}"
EndProject
Project("{9A19103F-16F7-4668-BE54-9A1E7A4F7556}") = "Senparc.AI.Kernel.Tests", "Senparc.AI.Kernel.Tests\Senparc.AI.Kernel.Tests.csproj", "{39F931E9-FF7A-4D62-87D2-6E4BF386C3BB}"
EndProject
Project("{2150E333-8FDC-42A3-9474-1A3956D46DE8}") = "Samples", "Samples", "{758253C7-033C-4D73-B58A-BBB2EB57B873}"
EndProject
Project("{9A19103F-16F7-4668-BE54-9A1E7A4F7556}") = "Senparc.AI.Samples.Consoles", "..\Samples\Senparc.AI.Samples.Consoles\Senparc.AI.Samples.Consoles.csproj", "{B90B7F0E-B7D4-43FF-B868-8C7758AB7FB7}"
EndProject
Project("{9A19103F-16F7-4668-BE54-9A1E7A4F7556}") = "Senaprc.AI.Samples.Agents", "..\Samples\Senaprc.AI.Samples.Agents\Senaprc.AI.Samples.Agents.csproj", "{2802CC1C-39EF-4C11-8463-7934F7BD0E03}"
EndProject
Project("{FAE04EC0-301F-11D3-BF4B-00C04F79EFBC}") = "Senparc.AI.Agents", "Senparc.AI.Agents\Senparc.AI.Agents.csproj", "{60F51E40-9AA2-490C-9436-C0BB756D8BEB}"
EndProject
Global
	GlobalSection(SolutionConfigurationPlatforms) = preSolution
		Debug|Any CPU = Debug|Any CPU
		Release|Any CPU = Release|Any CPU
		Test|Any CPU = Test|Any CPU
	EndGlobalSection
	GlobalSection(ProjectConfigurationPlatforms) = postSolution
		{8E401865-8613-40F5-ABBC-43B6A05CA5EF}.Debug|Any CPU.ActiveCfg = Debug|Any CPU
		{8E401865-8613-40F5-ABBC-43B6A05CA5EF}.Debug|Any CPU.Build.0 = Debug|Any CPU
		{8E401865-8613-40F5-ABBC-43B6A05CA5EF}.Release|Any CPU.ActiveCfg = Release|Any CPU
		{8E401865-8613-40F5-ABBC-43B6A05CA5EF}.Release|Any CPU.Build.0 = Release|Any CPU
		{8E401865-8613-40F5-ABBC-43B6A05CA5EF}.Test|Any CPU.ActiveCfg = Test|Any CPU
		{8E401865-8613-40F5-ABBC-43B6A05CA5EF}.Test|Any CPU.Build.0 = Test|Any CPU
		{930CC0FA-799C-4FAB-B6CE-FD67045946A9}.Debug|Any CPU.ActiveCfg = Debug|Any CPU
		{930CC0FA-799C-4FAB-B6CE-FD67045946A9}.Debug|Any CPU.Build.0 = Debug|Any CPU
		{930CC0FA-799C-4FAB-B6CE-FD67045946A9}.Release|Any CPU.ActiveCfg = Release|Any CPU
		{930CC0FA-799C-4FAB-B6CE-FD67045946A9}.Release|Any CPU.Build.0 = Release|Any CPU
		{930CC0FA-799C-4FAB-B6CE-FD67045946A9}.Test|Any CPU.ActiveCfg = Debug|Any CPU
		{930CC0FA-799C-4FAB-B6CE-FD67045946A9}.Test|Any CPU.Build.0 = Debug|Any CPU
		{3619964D-0AA7-4594-9779-930809D000B1}.Debug|Any CPU.ActiveCfg = Debug|Any CPU
		{3619964D-0AA7-4594-9779-930809D000B1}.Release|Any CPU.ActiveCfg = Release|Any CPU
		{3619964D-0AA7-4594-9779-930809D000B1}.Test|Any CPU.ActiveCfg = Test|Any CPU
		{3619964D-0AA7-4594-9779-930809D000B1}.Test|Any CPU.Build.0 = Test|Any CPU
		{39F931E9-FF7A-4D62-87D2-6E4BF386C3BB}.Debug|Any CPU.ActiveCfg = Debug|Any CPU
		{39F931E9-FF7A-4D62-87D2-6E4BF386C3BB}.Release|Any CPU.ActiveCfg = Release|Any CPU
		{39F931E9-FF7A-4D62-87D2-6E4BF386C3BB}.Test|Any CPU.ActiveCfg = Debug|Any CPU
		{39F931E9-FF7A-4D62-87D2-6E4BF386C3BB}.Test|Any CPU.Build.0 = Debug|Any CPU
		{B90B7F0E-B7D4-43FF-B868-8C7758AB7FB7}.Debug|Any CPU.ActiveCfg = Debug|Any CPU
		{B90B7F0E-B7D4-43FF-B868-8C7758AB7FB7}.Debug|Any CPU.Build.0 = Debug|Any CPU
		{B90B7F0E-B7D4-43FF-B868-8C7758AB7FB7}.Release|Any CPU.ActiveCfg = Release|Any CPU
		{B90B7F0E-B7D4-43FF-B868-8C7758AB7FB7}.Test|Any CPU.ActiveCfg = Debug|Any CPU
		{B90B7F0E-B7D4-43FF-B868-8C7758AB7FB7}.Test|Any CPU.Build.0 = Debug|Any CPU
		{2802CC1C-39EF-4C11-8463-7934F7BD0E03}.Debug|Any CPU.ActiveCfg = Debug|Any CPU
		{2802CC1C-39EF-4C11-8463-7934F7BD0E03}.Debug|Any CPU.Build.0 = Debug|Any CPU
		{2802CC1C-39EF-4C11-8463-7934F7BD0E03}.Release|Any CPU.ActiveCfg = Release|Any CPU
		{2802CC1C-39EF-4C11-8463-7934F7BD0E03}.Release|Any CPU.Build.0 = Release|Any CPU
		{2802CC1C-39EF-4C11-8463-7934F7BD0E03}.Test|Any CPU.ActiveCfg = Debug|Any CPU
		{2802CC1C-39EF-4C11-8463-7934F7BD0E03}.Test|Any CPU.Build.0 = Debug|Any CPU
		{60F51E40-9AA2-490C-9436-C0BB756D8BEB}.Debug|Any CPU.ActiveCfg = Debug|Any CPU
		{60F51E40-9AA2-490C-9436-C0BB756D8BEB}.Debug|Any CPU.Build.0 = Debug|Any CPU
		{60F51E40-9AA2-490C-9436-C0BB756D8BEB}.Release|Any CPU.ActiveCfg = Release|Any CPU
		{60F51E40-9AA2-490C-9436-C0BB756D8BEB}.Release|Any CPU.Build.0 = Release|Any CPU
		{60F51E40-9AA2-490C-9436-C0BB756D8BEB}.Test|Any CPU.ActiveCfg = Debug|Any CPU
		{60F51E40-9AA2-490C-9436-C0BB756D8BEB}.Test|Any CPU.Build.0 = Debug|Any CPU
	EndGlobalSection
	GlobalSection(SolutionProperties) = preSolution
		HideSolutionNode = FALSE
	EndGlobalSection
	GlobalSection(NestedProjects) = preSolution
		{3619964D-0AA7-4594-9779-930809D000B1} = {52CD3E2F-D7FA-458F-A0DF-FF69F3684AA0}
		{39F931E9-FF7A-4D62-87D2-6E4BF386C3BB} = {52CD3E2F-D7FA-458F-A0DF-FF69F3684AA0}
		{B90B7F0E-B7D4-43FF-B868-8C7758AB7FB7} = {758253C7-033C-4D73-B58A-BBB2EB57B873}
		{2802CC1C-39EF-4C11-8463-7934F7BD0E03} = {758253C7-033C-4D73-B58A-BBB2EB57B873}
	EndGlobalSection
	GlobalSection(ExtensibilityGlobals) = postSolution
		SolutionGuid = {E892F45B-7C63-4C1C-9F53-ABA5CBFA95C6}
	EndGlobalSection
EndGlobal
