
Microsoft Visual Studio Solution File, Format Version 12.00
# Visual Studio Version 17
VisualStudioVersion = 17.0.31903.59
MinimumVisualStudioVersion = 10.0.40219.1
Project("{FAE04EC0-301F-11D3-BF4B-00C04F79EFBC}") = "Senparc.AI", "Senparc.AI\Senparc.AI.csproj", "{2508255E-9649-4E8B-A12B-B8DD96D5B953}"
EndProject
Project("{FAE04EC0-301F-11D3-BF4B-00C04F79EFBC}") = "Senparc.AI.Kernel", "Senparc.AI.Kernel\Senparc.AI.Kernel.csproj", "{A3DD2E10-B361-4A56-88B4-8E0340D8E194}"
EndProject
Project("{FAE04EC0-301F-11D3-BF4B-00C04F79EFBC}") = "Senparc.AI.Agents", "Senparc.AI.Agents\Senparc.AI.Agents.csproj", "{360821F2-E39C-4BEC-9936-C6930D6BDB9D}"
EndProject
Project("{FAE04EC0-301F-11D3-BF4B-00C04F79EFBC}") = "Senparc.AI.Samples.Consoles", "..\Samples\Senparc.AI.Samples.Consoles\Senparc.AI.Samples.Consoles.csproj", "{AA3EA8D3-815A-4C15-B228-2A1F90A77ED7}"
EndProject
Project("{FAE04EC0-301F-11D3-BF4B-00C04F79EFBC}") = "Senaprc.AI.Samples.Agents", "..\Samples\Senaprc.AI.Samples.Agents\Senaprc.AI.Samples.Agents.csproj", "{DDAB6D1A-38EB-4F01-A942-632AF1246B82}"
EndProject
Global
	GlobalSection(SolutionConfigurationPlatforms) = preSolution
		Debug|Any CPU = Debug|Any CPU
		Debug|x64 = Debug|x64
		Debug|x86 = Debug|x86
		Release|Any CPU = Release|Any CPU
		Release|x64 = Release|x64
		Release|x86 = Release|x86
	EndGlobalSection
	GlobalSection(ProjectConfigurationPlatforms) = postSolution
		{2508255E-9649-4E8B-A12B-B8DD96D5B953}.Debug|Any CPU.ActiveCfg = Debug|Any CPU
		{2508255E-9649-4E8B-A12B-B8DD96D5B953}.Debug|Any CPU.Build.0 = Debug|Any CPU
		{2508255E-9649-4E8B-A12B-B8DD96D5B953}.Debug|x64.ActiveCfg = Debug|Any CPU
		{2508255E-9649-4E8B-A12B-B8DD96D5B953}.Debug|x64.Build.0 = Debug|Any CPU
		{2508255E-9649-4E8B-A12B-B8DD96D5B953}.Debug|x86.ActiveCfg = Debug|Any CPU
		{2508255E-9649-4E8B-A12B-B8DD96D5B953}.Debug|x86.Build.0 = Debug|Any CPU
		{2508255E-9649-4E8B-A12B-B8DD96D5B953}.Release|Any CPU.ActiveCfg = Release|Any CPU
		{2508255E-9649-4E8B-A12B-B8DD96D5B953}.Release|Any CPU.Build.0 = Release|Any CPU
		{2508255E-9649-4E8B-A12B-B8DD96D5B953}.Release|x64.ActiveCfg = Release|Any CPU
		{2508255E-9649-4E8B-A12B-B8DD96D5B953}.Release|x64.Build.0 = Release|Any CPU
		{2508255E-9649-4E8B-A12B-B8DD96D5B953}.Release|x86.ActiveCfg = Release|Any CPU
		{2508255E-9649-4E8B-A12B-B8DD96D5B953}.Release|x86.Build.0 = Release|Any CPU
		{A3DD2E10-B361-4A56-88B4-8E0340D8E194}.Debug|Any CPU.ActiveCfg = Debug|Any CPU
		{A3DD2E10-B361-4A56-88B4-8E0340D8E194}.Debug|Any CPU.Build.0 = Debug|Any CPU
		{A3DD2E10-B361-4A56-88B4-8E0340D8E194}.Debug|x64.ActiveCfg = Debug|Any CPU
		{A3DD2E10-B361-4A56-88B4-8E0340D8E194}.Debug|x64.Build.0 = Debug|Any CPU
		{A3DD2E10-B361-4A56-88B4-8E0340D8E194}.Debug|x86.ActiveCfg = Debug|Any CPU
		{A3DD2E10-B361-4A56-88B4-8E0340D8E194}.Debug|x86.Build.0 = Debug|Any CPU
		{A3DD2E10-B361-4A56-88B4-8E0340D8E194}.Release|Any CPU.ActiveCfg = Release|Any CPU
		{A3DD2E10-B361-4A56-88B4-8E0340D8E194}.Release|Any CPU.Build.0 = Release|Any CPU
		{A3DD2E10-B361-4A56-88B4-8E0340D8E194}.Release|x64.ActiveCfg = Release|Any CPU
		{A3DD2E10-B361-4A56-88B4-8E0340D8E194}.Release|x64.Build.0 = Release|Any CPU
		{A3DD2E10-B361-4A56-88B4-8E0340D8E194}.Release|x86.ActiveCfg = Release|Any CPU
		{A3DD2E10-B361-4A56-88B4-8E0340D8E194}.Release|x86.Build.0 = Release|Any CPU
		{360821F2-E39C-4BEC-9936-C6930D6BDB9D}.Debug|Any CPU.ActiveCfg = Debug|Any CPU
		{360821F2-E39C-4BEC-9936-C6930D6BDB9D}.Debug|Any CPU.Build.0 = Debug|Any CPU
		{360821F2-E39C-4BEC-9936-C6930D6BDB9D}.Debug|x64.ActiveCfg = Debug|Any CPU
		{360821F2-E39C-4BEC-9936-C6930D6BDB9D}.Debug|x64.Build.0 = Debug|Any CPU
		{360821F2-E39C-4BEC-9936-C6930D6BDB9D}.Debug|x86.ActiveCfg = Debug|Any CPU
		{360821F2-E39C-4BEC-9936-C6930D6BDB9D}.Debug|x86.Build.0 = Debug|Any CPU
		{360821F2-E39C-4BEC-9936-C6930D6BDB9D}.Release|Any CPU.ActiveCfg = Release|Any CPU
		{360821F2-E39C-4BEC-9936-C6930D6BDB9D}.Release|Any CPU.Build.0 = Release|Any CPU
		{360821F2-E39C-4BEC-9936-C6930D6BDB9D}.Release|x64.ActiveCfg = Release|Any CPU
		{360821F2-E39C-4BEC-9936-C6930D6BDB9D}.Release|x64.Build.0 = Release|Any CPU
		{360821F2-E39C-4BEC-9936-C6930D6BDB9D}.Release|x86.ActiveCfg = Release|Any CPU
		{360821F2-E39C-4BEC-9936-C6930D6BDB9D}.Release|x86.Build.0 = Release|Any CPU
		{AA3EA8D3-815A-4C15-B228-2A1F90A77ED7}.Debug|Any CPU.ActiveCfg = Debug|Any CPU
		{AA3EA8D3-815A-4C15-B228-2A1F90A77ED7}.Debug|Any CPU.Build.0 = Debug|Any CPU
		{AA3EA8D3-815A-4C15-B228-2A1F90A77ED7}.Debug|x64.ActiveCfg = Debug|Any CPU
		{AA3EA8D3-815A-4C15-B228-2A1F90A77ED7}.Debug|x64.Build.0 = Debug|Any CPU
		{AA3EA8D3-815A-4C15-B228-2A1F90A77ED7}.Debug|x86.ActiveCfg = Debug|Any CPU
		{AA3EA8D3-815A-4C15-B228-2A1F90A77ED7}.Debug|x86.Build.0 = Debug|Any CPU
		{AA3EA8D3-815A-4C15-B228-2A1F90A77ED7}.Release|Any CPU.ActiveCfg = Release|Any CPU
		{AA3EA8D3-815A-4C15-B228-2A1F90A77ED7}.Release|Any CPU.Build.0 = Release|Any CPU
		{AA3EA8D3-815A-4C15-B228-2A1F90A77ED7}.Release|x64.ActiveCfg = Release|Any CPU
		{AA3EA8D3-815A-4C15-B228-2A1F90A77ED7}.Release|x64.Build.0 = Release|Any CPU
		{AA3EA8D3-815A-4C15-B228-2A1F90A77ED7}.Release|x86.ActiveCfg = Release|Any CPU
		{AA3EA8D3-815A-4C15-B228-2A1F90A77ED7}.Release|x86.Build.0 = Release|Any CPU
		{DDAB6D1A-38EB-4F01-A942-632AF1246B82}.Debug|Any CPU.ActiveCfg = Debug|Any CPU
		{DDAB6D1A-38EB-4F01-A942-632AF1246B82}.Debug|Any CPU.Build.0 = Debug|Any CPU
		{DDAB6D1A-38EB-4F01-A942-632AF1246B82}.Debug|x64.ActiveCfg = Debug|Any CPU
		{DDAB6D1A-38EB-4F01-A942-632AF1246B82}.Debug|x64.Build.0 = Debug|Any CPU
		{DDAB6D1A-38EB-4F01-A942-632AF1246B82}.Debug|x86.ActiveCfg = Debug|Any CPU
		{DDAB6D1A-38EB-4F01-A942-632AF1246B82}.Debug|x86.Build.0 = Debug|Any CPU
		{DDAB6D1A-38EB-4F01-A942-632AF1246B82}.Release|Any CPU.ActiveCfg = Release|Any CPU
		{DDAB6D1A-38EB-4F01-A942-632AF1246B82}.Release|Any CPU.Build.0 = Release|Any CPU
		{DDAB6D1A-38EB-4F01-A942-632AF1246B82}.Release|x64.ActiveCfg = Release|Any CPU
		{DDAB6D1A-38EB-4F01-A942-632AF1246B82}.Release|x64.Build.0 = Release|Any CPU
		{DDAB6D1A-38EB-4F01-A942-632AF1246B82}.Release|x86.ActiveCfg = Release|Any CPU
		{DDAB6D1A-38EB-4F01-A942-632AF1246B82}.Release|x86.Build.0 = Release|Any CPU
	EndGlobalSection
	GlobalSection(SolutionProperties) = preSolution
		HideSolutionNode = FALSE
	EndGlobalSection
EndGlobal
